
Microsoft Visual Studio Solution File, Format Version 12.00
# Visual Studio 2012
Project("{FAE04EC0-301F-11D3-BF4B-00C04F79EFBC}") = "Gohla.Shared", "Gohla.Shared\Gohla.Shared.csproj", "{6E1A3F05-4A08-41A0-BAB7-A1B6F3315E2A}"
EndProject
Project("{FAE04EC0-301F-11D3-BF4B-00C04F79EFBC}") = "Gohla.Shared.Composition", "Gohla.Shared.Composition\Gohla.Shared.Composition.csproj", "{D151C4E6-EAAE-4C73-9E2D-A02519DA0346}"
EndProject
Project("{FAE04EC0-301F-11D3-BF4B-00C04F79EFBC}") = "Gohla.Shared.Json", "Gohla.Shared.Json\Gohla.Shared.Json.csproj", "{489F2685-1A05-419D-8438-42AB43E23EE3}"
EndProject
Project("{FAE04EC0-301F-11D3-BF4B-00C04F79EFBC}") = "Gohla.Shared.XML", "Gohla.Shared.XML\Gohla.Shared.XML.csproj", "{6C57A648-68EF-4D9D-AE9D-8D6732EB1E54}"
EndProject
Project("{2150E333-8FDC-42A3-9474-1A3956D46DE8}") = ".nuget", ".nuget", "{02AAC7B1-5DA0-4091-A705-CEC1F05826CC}"
	ProjectSection(SolutionItems) = preProject
		.nuget\NuGet.Config = .nuget\NuGet.Config
		.nuget\NuGet.exe = .nuget\NuGet.exe
		.nuget\NuGet.targets = .nuget\NuGet.targets
	EndProjectSection
EndProject
Global
	GlobalSection(SolutionConfigurationPlatforms) = preSolution
		Debug|Any CPU = Debug|Any CPU
		Release|Any CPU = Release|Any CPU
	EndGlobalSection
	GlobalSection(ProjectConfigurationPlatforms) = postSolution
		{6E1A3F05-4A08-41A0-BAB7-A1B6F3315E2A}.Debug|Any CPU.ActiveCfg = Debug|Any CPU
		{6E1A3F05-4A08-41A0-BAB7-A1B6F3315E2A}.Debug|Any CPU.Build.0 = Debug|Any CPU
		{6E1A3F05-4A08-41A0-BAB7-A1B6F3315E2A}.Release|Any CPU.ActiveCfg = Release|Any CPU
		{6E1A3F05-4A08-41A0-BAB7-A1B6F3315E2A}.Release|Any CPU.Build.0 = Release|Any CPU
		{D151C4E6-EAAE-4C73-9E2D-A02519DA0346}.Debug|Any CPU.ActiveCfg = Debug|Any CPU
		{D151C4E6-EAAE-4C73-9E2D-A02519DA0346}.Debug|Any CPU.Build.0 = Debug|Any CPU
		{D151C4E6-EAAE-4C73-9E2D-A02519DA0346}.Release|Any CPU.ActiveCfg = Release|Any CPU
		{D151C4E6-EAAE-4C73-9E2D-A02519DA0346}.Release|Any CPU.Build.0 = Release|Any CPU
		{489F2685-1A05-419D-8438-42AB43E23EE3}.Debug|Any CPU.ActiveCfg = Debug|Any CPU
		{489F2685-1A05-419D-8438-42AB43E23EE3}.Debug|Any CPU.Build.0 = Debug|Any CPU
		{489F2685-1A05-419D-8438-42AB43E23EE3}.Release|Any CPU.ActiveCfg = Release|Any CPU
		{489F2685-1A05-419D-8438-42AB43E23EE3}.Release|Any CPU.Build.0 = Release|Any CPU
		{6C57A648-68EF-4D9D-AE9D-8D6732EB1E54}.Debug|Any CPU.ActiveCfg = Debug|Any CPU
		{6C57A648-68EF-4D9D-AE9D-8D6732EB1E54}.Debug|Any CPU.Build.0 = Debug|Any CPU
		{6C57A648-68EF-4D9D-AE9D-8D6732EB1E54}.Release|Any CPU.ActiveCfg = Release|Any CPU
		{6C57A648-68EF-4D9D-AE9D-8D6732EB1E54}.Release|Any CPU.Build.0 = Release|Any CPU
	EndGlobalSection
	GlobalSection(SolutionProperties) = preSolution
		HideSolutionNode = FALSE
	EndGlobalSection
EndGlobal
