
Microsoft Visual Studio Solution File, Format Version 12.00
# Visual Studio 2013
VisualStudioVersion = 12.0.30110.0
MinimumVisualStudioVersion = 10.0.40219.1
Project("{FAE04EC0-301F-11D3-BF4B-00C04F79EFBC}") = "RXL.Core", "RXL.Core\RXL.Core.csproj", "{D6321FB5-AFA9-4D7F-9EDB-10DB4A413076}"
EndProject
Project("{FAE04EC0-301F-11D3-BF4B-00C04F79EFBC}") = "RXL.WPFClient", "RXL.WPFClient\RXL.WPFClient.csproj", "{D4858BBF-9253-4F53-927A-11B29757A55F}"
	ProjectSection(ProjectDependencies) = postProject
		{7922535F-8AEB-4B17-B558-801EE543805F} = {7922535F-8AEB-4B17-B558-801EE543805F}
		{C699BFFA-5FE2-441C-9679-59BEAD165BC6} = {C699BFFA-5FE2-441C-9679-59BEAD165BC6}
	EndProjectSection
EndProject
Project("{2150E333-8FDC-42A3-9474-1A3956D46DE8}") = "1. Clients", "1. Clients", "{4AFDB91F-BE6D-4159-989F-F72CA8E09AE8}"
EndProject
Project("{2150E333-8FDC-42A3-9474-1A3956D46DE8}") = "2. Logic", "2. Logic", "{A1EA670C-48D7-4621-A621-BCB7186F4517}"
EndProject
Project("{2150E333-8FDC-42A3-9474-1A3956D46DE8}") = ".nuget", ".nuget", "{C736DC0F-0DC2-4B1F-B45D-4A411DF2DCFC}"
	ProjectSection(SolutionItems) = preProject
		.nuget\NuGet.Config = .nuget\NuGet.Config
		.nuget\NuGet.exe = .nuget\NuGet.exe
		.nuget\NuGet.targets = .nuget\NuGet.targets
	EndProjectSection
EndProject
Project("{FAE04EC0-301F-11D3-BF4B-00C04F79EFBC}") = "RXL.ConsoleClient", "RXL.ConsoleClient\RXL.ConsoleClient.csproj", "{7B1CDEC8-6EC9-4C54-9404-06C27AF69135}"
	ProjectSection(ProjectDependencies) = postProject
		{7922535F-8AEB-4B17-B558-801EE543805F} = {7922535F-8AEB-4B17-B558-801EE543805F}
		{C699BFFA-5FE2-441C-9679-59BEAD165BC6} = {C699BFFA-5FE2-441C-9679-59BEAD165BC6}
	EndProjectSection
EndProject
Project("{FAE04EC0-301F-11D3-BF4B-00C04F79EFBC}") = "RXL.Util", "RXL.Util\RXL.Util.csproj", "{01D91B08-010D-4DBC-8C21-6745FC255F23}"
EndProject
Project("{2150E333-8FDC-42A3-9474-1A3956D46DE8}") = "3. Dependencies", "3. Dependencies", "{9D6789DC-D2D0-4187-93A5-8D6704609AC5}"
EndProject
Project("{FAE04EC0-301F-11D3-BF4B-00C04F79EFBC}") = "ReactiveIRC.Protocol", "dependencies\ReactiveIRC\Protocol\ReactiveIRC.Protocol.csproj", "{3A9061FB-E286-402E-B4EC-30C7BC8FEA64}"
	ProjectSection(ProjectDependencies) = postProject
		{C699BFFA-5FE2-441C-9679-59BEAD165BC6} = {C699BFFA-5FE2-441C-9679-59BEAD165BC6}
	EndProjectSection
EndProject
Project("{FAE04EC0-301F-11D3-BF4B-00C04F79EFBC}") = "ReactiveIRC.Interface", "dependencies\ReactiveIRC\Interface\ReactiveIRC.Interface.csproj", "{C699BFFA-5FE2-441C-9679-59BEAD165BC6}"
EndProject
Project("{FAE04EC0-301F-11D3-BF4B-00C04F79EFBC}") = "ReactiveIRC.Client", "dependencies\ReactiveIRC\Client\ReactiveIRC.Client.csproj", "{7922535F-8AEB-4B17-B558-801EE543805F}"
EndProject
Project("{FAE04EC0-301F-11D3-BF4B-00C04F79EFBC}") = "Gohla.Shared", "dependencies\Gohla.Shared\Gohla.Shared\Gohla.Shared.csproj", "{6E1A3F05-4A08-41A0-BAB7-A1B6F3315E2A}"
EndProject
Global
	GlobalSection(SolutionConfigurationPlatforms) = preSolution
		Debug|Any CPU = Debug|Any CPU
		Release|Any CPU = Release|Any CPU
	EndGlobalSection
	GlobalSection(ProjectConfigurationPlatforms) = postSolution
		{D6321FB5-AFA9-4D7F-9EDB-10DB4A413076}.Debug|Any CPU.ActiveCfg = Debug|Any CPU
		{D6321FB5-AFA9-4D7F-9EDB-10DB4A413076}.Debug|Any CPU.Build.0 = Debug|Any CPU
		{D6321FB5-AFA9-4D7F-9EDB-10DB4A413076}.Release|Any CPU.ActiveCfg = Release|Any CPU
		{D6321FB5-AFA9-4D7F-9EDB-10DB4A413076}.Release|Any CPU.Build.0 = Release|Any CPU
		{D4858BBF-9253-4F53-927A-11B29757A55F}.Debug|Any CPU.ActiveCfg = Debug|Any CPU
		{D4858BBF-9253-4F53-927A-11B29757A55F}.Debug|Any CPU.Build.0 = Debug|Any CPU
		{D4858BBF-9253-4F53-927A-11B29757A55F}.Release|Any CPU.ActiveCfg = Release|Any CPU
		{D4858BBF-9253-4F53-927A-11B29757A55F}.Release|Any CPU.Build.0 = Release|Any CPU
		{7B1CDEC8-6EC9-4C54-9404-06C27AF69135}.Debug|Any CPU.ActiveCfg = Debug|Any CPU
		{7B1CDEC8-6EC9-4C54-9404-06C27AF69135}.Debug|Any CPU.Build.0 = Debug|Any CPU
		{7B1CDEC8-6EC9-4C54-9404-06C27AF69135}.Release|Any CPU.ActiveCfg = Release|Any CPU
		{7B1CDEC8-6EC9-4C54-9404-06C27AF69135}.Release|Any CPU.Build.0 = Release|Any CPU
		{01D91B08-010D-4DBC-8C21-6745FC255F23}.Debug|Any CPU.ActiveCfg = Debug|Any CPU
		{01D91B08-010D-4DBC-8C21-6745FC255F23}.Debug|Any CPU.Build.0 = Debug|Any CPU
		{01D91B08-010D-4DBC-8C21-6745FC255F23}.Release|Any CPU.ActiveCfg = Release|Any CPU
		{01D91B08-010D-4DBC-8C21-6745FC255F23}.Release|Any CPU.Build.0 = Release|Any CPU
		{3A9061FB-E286-402E-B4EC-30C7BC8FEA64}.Debug|Any CPU.ActiveCfg = Debug|Any CPU
		{3A9061FB-E286-402E-B4EC-30C7BC8FEA64}.Debug|Any CPU.Build.0 = Debug|Any CPU
		{3A9061FB-E286-402E-B4EC-30C7BC8FEA64}.Release|Any CPU.ActiveCfg = Release|Any CPU
		{3A9061FB-E286-402E-B4EC-30C7BC8FEA64}.Release|Any CPU.Build.0 = Release|Any CPU
		{C699BFFA-5FE2-441C-9679-59BEAD165BC6}.Debug|Any CPU.ActiveCfg = Debug|Any CPU
		{C699BFFA-5FE2-441C-9679-59BEAD165BC6}.Debug|Any CPU.Build.0 = Debug|Any CPU
		{C699BFFA-5FE2-441C-9679-59BEAD165BC6}.Release|Any CPU.ActiveCfg = Release|Any CPU
		{C699BFFA-5FE2-441C-9679-59BEAD165BC6}.Release|Any CPU.Build.0 = Release|Any CPU
		{7922535F-8AEB-4B17-B558-801EE543805F}.Debug|Any CPU.ActiveCfg = Debug|Any CPU
		{7922535F-8AEB-4B17-B558-801EE543805F}.Debug|Any CPU.Build.0 = Debug|Any CPU
		{7922535F-8AEB-4B17-B558-801EE543805F}.Release|Any CPU.ActiveCfg = Release|Any CPU
		{7922535F-8AEB-4B17-B558-801EE543805F}.Release|Any CPU.Build.0 = Release|Any CPU
		{6E1A3F05-4A08-41A0-BAB7-A1B6F3315E2A}.Debug|Any CPU.ActiveCfg = Debug|Any CPU
		{6E1A3F05-4A08-41A0-BAB7-A1B6F3315E2A}.Debug|Any CPU.Build.0 = Debug|Any CPU
		{6E1A3F05-4A08-41A0-BAB7-A1B6F3315E2A}.Release|Any CPU.ActiveCfg = Release|Any CPU
		{6E1A3F05-4A08-41A0-BAB7-A1B6F3315E2A}.Release|Any CPU.Build.0 = Release|Any CPU
	EndGlobalSection
	GlobalSection(SolutionProperties) = preSolution
		HideSolutionNode = FALSE
	EndGlobalSection
	GlobalSection(NestedProjects) = preSolution
		{D6321FB5-AFA9-4D7F-9EDB-10DB4A413076} = {A1EA670C-48D7-4621-A621-BCB7186F4517}
		{01D91B08-010D-4DBC-8C21-6745FC255F23} = {A1EA670C-48D7-4621-A621-BCB7186F4517}
		{D4858BBF-9253-4F53-927A-11B29757A55F} = {4AFDB91F-BE6D-4159-989F-F72CA8E09AE8}
		{7B1CDEC8-6EC9-4C54-9404-06C27AF69135} = {4AFDB91F-BE6D-4159-989F-F72CA8E09AE8}
		{3A9061FB-E286-402E-B4EC-30C7BC8FEA64} = {9D6789DC-D2D0-4187-93A5-8D6704609AC5}
		{C699BFFA-5FE2-441C-9679-59BEAD165BC6} = {9D6789DC-D2D0-4187-93A5-8D6704609AC5}
		{7922535F-8AEB-4B17-B558-801EE543805F} = {9D6789DC-D2D0-4187-93A5-8D6704609AC5}
		{6E1A3F05-4A08-41A0-BAB7-A1B6F3315E2A} = {9D6789DC-D2D0-4187-93A5-8D6704609AC5}
	EndGlobalSection
EndGlobal
