
Microsoft Visual Studio Solution File, Format Version 12.00
# Visual Studio 2013
VisualStudioVersion = 12.0.21005.1
MinimumVisualStudioVersion = 10.0.40219.1
Project("{FAE04EC0-301F-11D3-BF4B-00C04F79EFBC}") = "RXL.Core", "RXL.Core\RXL.Core.csproj", "{D6321FB5-AFA9-4D7F-9EDB-10DB4A413076}"
EndProject
Project("{FAE04EC0-301F-11D3-BF4B-00C04F79EFBC}") = "RXL.WPFClient", "RXL.WPFClient\RXL.WPFClient.csproj", "{D4858BBF-9253-4F53-927A-11B29757A55F}"
EndProject
Project("{2150E333-8FDC-42A3-9474-1A3956D46DE8}") = "1. Clients", "1. Clients", "{4AFDB91F-BE6D-4159-989F-F72CA8E09AE8}"
EndProject
Project("{2150E333-8FDC-42A3-9474-1A3956D46DE8}") = "2. Logic", "2. Logic", "{A1EA670C-48D7-4621-A621-BCB7186F4517}"
EndProject
Global
	GlobalSection(SolutionConfigurationPlatforms) = preSolution
		Debug|Any CPU = Debug|Any CPU
		Release|Any CPU = Release|Any CPU
	EndGlobalSection
	GlobalSection(ProjectConfigurationPlatforms) = postSolution
		{D6321FB5-AFA9-4D7F-9EDB-10DB4A413076}.Debug|Any CPU.ActiveCfg = Debug|Any CPU
		{D6321FB5-AFA9-4D7F-9EDB-10DB4A413076}.Debug|Any CPU.Build.0 = Debug|Any CPU
		{D6321FB5-AFA9-4D7F-9EDB-10DB4A413076}.Release|Any CPU.ActiveCfg = Release|Any CPU
		{D6321FB5-AFA9-4D7F-9EDB-10DB4A413076}.Release|Any CPU.Build.0 = Release|Any CPU
		{D4858BBF-9253-4F53-927A-11B29757A55F}.Debug|Any CPU.ActiveCfg = Debug|Any CPU
		{D4858BBF-9253-4F53-927A-11B29757A55F}.Debug|Any CPU.Build.0 = Debug|Any CPU
		{D4858BBF-9253-4F53-927A-11B29757A55F}.Release|Any CPU.ActiveCfg = Release|Any CPU
		{D4858BBF-9253-4F53-927A-11B29757A55F}.Release|Any CPU.Build.0 = Release|Any CPU
	EndGlobalSection
	GlobalSection(SolutionProperties) = preSolution
		HideSolutionNode = FALSE
	EndGlobalSection
	GlobalSection(NestedProjects) = preSolution
		{D4858BBF-9253-4F53-927A-11B29757A55F} = {4AFDB91F-BE6D-4159-989F-F72CA8E09AE8}
		{D6321FB5-AFA9-4D7F-9EDB-10DB4A413076} = {A1EA670C-48D7-4621-A621-BCB7186F4517}
	EndGlobalSection
EndGlobal
